
Microsoft Visual Studio Solution File, Format Version 12.00
# Visual Studio Version 17
VisualStudioVersion = 17.10.35122.118
MinimumVisualStudioVersion = 10.0.40219.1
Project("{FAE04EC0-301F-11D3-BF4B-00C04F79EFBC}") = "L157 Subtype Polymorphism", "HalfTerm4Code\L157 Subtype Polymorphism.csproj", "{AFAD4C81-5D0C-4BC1-8F0B-E1025ABF81D1}"
EndProject
Project("{FAE04EC0-301F-11D3-BF4B-00C04F79EFBC}") = "L159 Abstract Classes", "L159 Abstract Classes\L159 Abstract Classes.csproj", "{0E45AA67-F2F2-4F0A-91CF-750688469D46}"
EndProject
Project("{FAE04EC0-301F-11D3-BF4B-00C04F79EFBC}") = "L161 C# and SQL", "L161 C# and SQL\L161 C# and SQL.csproj", "{F48DD9A3-F189-42E2-81D2-E48DA3950CC9}"
EndProject
Global
	GlobalSection(SolutionConfigurationPlatforms) = preSolution
		Debug|Any CPU = Debug|Any CPU
		Release|Any CPU = Release|Any CPU
	EndGlobalSection
	GlobalSection(ProjectConfigurationPlatforms) = postSolution
		{AFAD4C81-5D0C-4BC1-8F0B-E1025ABF81D1}.Debug|Any CPU.ActiveCfg = Debug|Any CPU
		{AFAD4C81-5D0C-4BC1-8F0B-E1025ABF81D1}.Debug|Any CPU.Build.0 = Debug|Any CPU
		{AFAD4C81-5D0C-4BC1-8F0B-E1025ABF81D1}.Release|Any CPU.ActiveCfg = Release|Any CPU
		{AFAD4C81-5D0C-4BC1-8F0B-E1025ABF81D1}.Release|Any CPU.Build.0 = Release|Any CPU
		{0E45AA67-F2F2-4F0A-91CF-750688469D46}.Debug|Any CPU.ActiveCfg = Debug|Any CPU
		{0E45AA67-F2F2-4F0A-91CF-750688469D46}.Debug|Any CPU.Build.0 = Debug|Any CPU
		{0E45AA67-F2F2-4F0A-91CF-750688469D46}.Release|Any CPU.ActiveCfg = Release|Any CPU
		{0E45AA67-F2F2-4F0A-91CF-750688469D46}.Release|Any CPU.Build.0 = Release|Any CPU
		{F48DD9A3-F189-42E2-81D2-E48DA3950CC9}.Debug|Any CPU.ActiveCfg = Debug|Any CPU
		{F48DD9A3-F189-42E2-81D2-E48DA3950CC9}.Debug|Any CPU.Build.0 = Debug|Any CPU
		{F48DD9A3-F189-42E2-81D2-E48DA3950CC9}.Release|Any CPU.ActiveCfg = Release|Any CPU
		{F48DD9A3-F189-42E2-81D2-E48DA3950CC9}.Release|Any CPU.Build.0 = Release|Any CPU
	EndGlobalSection
	GlobalSection(SolutionProperties) = preSolution
		HideSolutionNode = FALSE
	EndGlobalSection
	GlobalSection(ExtensibilityGlobals) = postSolution
		SolutionGuid = {5DB80400-A467-4BD2-A358-102CFA5B26EF}
	EndGlobalSection
EndGlobal
